{
  "name": "Inflexion",
  "lockfileVersion": 3,
  "requires": true,
  "packages": {
    "": {
      "dependencies": {
        "undici": "^7.21.0"
      }
    },
    "node_modules/undici": {
      "version": "7.21.0",
      "resolved": "https://registry.npmjs.org/undici/-/undici-7.21.0.tgz",
      "integrity": "sha512-Hn2tCQpoDt1wv23a68Ctc8Cr/BHpUSfaPYrkajTXOS9IKpxVRx/X5m1K2YkbK2ipgZgxXSgsUinl3x+2YdSSfg==",
      "license": "MIT",
      "engines": {
        "node": ">=20.18.1"
      }
    }
  }
}
